
Microsoft Visual Studio Solution File, Format Version 12.00
# Visual Studio Version 16
VisualStudioVersion = 16.0.31729.503
MinimumVisualStudioVersion = 10.0.40219.1
Project("{FAE04EC0-301F-11D3-BF4B-00C04F79EFBC}") = "ConsoleArrayAssignment", "ConsoleArrayAssignment\ConsoleArrayAssignment.csproj", "{B3923E4D-A495-440D-8728-BAAF6470C528}"
EndProject
Global
	GlobalSection(SolutionConfigurationPlatforms) = preSolution
		Debug|Any CPU = Debug|Any CPU
		Release|Any CPU = Release|Any CPU
	EndGlobalSection
	GlobalSection(ProjectConfigurationPlatforms) = postSolution
		{B3923E4D-A495-440D-8728-BAAF6470C528}.Debug|Any CPU.ActiveCfg = Debug|Any CPU
		{B3923E4D-A495-440D-8728-BAAF6470C528}.Debug|Any CPU.Build.0 = Debug|Any CPU
		{B3923E4D-A495-440D-8728-BAAF6470C528}.Release|Any CPU.ActiveCfg = Release|Any CPU
		{B3923E4D-A495-440D-8728-BAAF6470C528}.Release|Any CPU.Build.0 = Release|Any CPU
	EndGlobalSection
	GlobalSection(SolutionProperties) = preSolution
		HideSolutionNode = FALSE
	EndGlobalSection
	GlobalSection(ExtensibilityGlobals) = postSolution
		SolutionGuid = {E20E93F5-9F07-4CE8-9D86-D7D6E47BCC4F}
	EndGlobalSection
EndGlobal
