
Microsoft Visual Studio Solution File, Format Version 12.00
# Visual Studio Version 16
VisualStudioVersion = 16.0.31729.503
MinimumVisualStudioVersion = 10.0.40219.1
Project("{FAE04EC0-301F-11D3-BF4B-00C04F79EFBC}") = "AbstractClassAssignment", "AbstractClassAssignment.csproj", "{F261BE68-8DEA-434C-85F4-63080D61B767}"
EndProject
Global
	GlobalSection(SolutionConfigurationPlatforms) = preSolution
		Debug|Any CPU = Debug|Any CPU
		Release|Any CPU = Release|Any CPU
	EndGlobalSection
	GlobalSection(ProjectConfigurationPlatforms) = postSolution
		{F261BE68-8DEA-434C-85F4-63080D61B767}.Debug|Any CPU.ActiveCfg = Debug|Any CPU
		{F261BE68-8DEA-434C-85F4-63080D61B767}.Debug|Any CPU.Build.0 = Debug|Any CPU
		{F261BE68-8DEA-434C-85F4-63080D61B767}.Release|Any CPU.ActiveCfg = Release|Any CPU
		{F261BE68-8DEA-434C-85F4-63080D61B767}.Release|Any CPU.Build.0 = Release|Any CPU
	EndGlobalSection
	GlobalSection(SolutionProperties) = preSolution
		HideSolutionNode = FALSE
	EndGlobalSection
	GlobalSection(ExtensibilityGlobals) = postSolution
		SolutionGuid = {2990B9DD-2D6A-4344-AA7F-9DDE0AB02B5C}
	EndGlobalSection
EndGlobal
