
Microsoft Visual Studio Solution File, Format Version 12.00
# Visual Studio Version 16
VisualStudioVersion = 16.0.31729.503
MinimumVisualStudioVersion = 10.0.40219.1
Project("{FAE04EC0-301F-11D3-BF4B-00C04F79EFBC}") = "SwitchTry", "SwitchTry\SwitchTry.csproj", "{35330994-77FD-413A-AD9A-599E9413F603}"
EndProject
Global
	GlobalSection(SolutionConfigurationPlatforms) = preSolution
		Debug|Any CPU = Debug|Any CPU
		Release|Any CPU = Release|Any CPU
	EndGlobalSection
	GlobalSection(ProjectConfigurationPlatforms) = postSolution
		{35330994-77FD-413A-AD9A-599E9413F603}.Debug|Any CPU.ActiveCfg = Debug|Any CPU
		{35330994-77FD-413A-AD9A-599E9413F603}.Debug|Any CPU.Build.0 = Debug|Any CPU
		{35330994-77FD-413A-AD9A-599E9413F603}.Release|Any CPU.ActiveCfg = Release|Any CPU
		{35330994-77FD-413A-AD9A-599E9413F603}.Release|Any CPU.Build.0 = Release|Any CPU
	EndGlobalSection
	GlobalSection(SolutionProperties) = preSolution
		HideSolutionNode = FALSE
	EndGlobalSection
	GlobalSection(ExtensibilityGlobals) = postSolution
		SolutionGuid = {EA9CB5BF-51A0-40BA-B47E-DB8D7F4EFE52}
	EndGlobalSection
EndGlobal
