
Microsoft Visual Studio Solution File, Format Version 12.00
# Visual Studio Version 16
VisualStudioVersion = 16.0.31729.503
MinimumVisualStudioVersion = 10.0.40219.1
Project("{FAE04EC0-301F-11D3-BF4B-00C04F79EFBC}") = "MathandComparison.cs", "MathandComparison.cs\MathandComparison.cs.csproj", "{27FF7171-F360-4BA1-9E73-D2214E191BFB}"
EndProject
Global
	GlobalSection(SolutionConfigurationPlatforms) = preSolution
		Debug|Any CPU = Debug|Any CPU
		Release|Any CPU = Release|Any CPU
	EndGlobalSection
	GlobalSection(ProjectConfigurationPlatforms) = postSolution
		{27FF7171-F360-4BA1-9E73-D2214E191BFB}.Debug|Any CPU.ActiveCfg = Debug|Any CPU
		{27FF7171-F360-4BA1-9E73-D2214E191BFB}.Debug|Any CPU.Build.0 = Debug|Any CPU
		{27FF7171-F360-4BA1-9E73-D2214E191BFB}.Release|Any CPU.ActiveCfg = Release|Any CPU
		{27FF7171-F360-4BA1-9E73-D2214E191BFB}.Release|Any CPU.Build.0 = Release|Any CPU
	EndGlobalSection
	GlobalSection(SolutionProperties) = preSolution
		HideSolutionNode = FALSE
	EndGlobalSection
	GlobalSection(ExtensibilityGlobals) = postSolution
		SolutionGuid = {B678EC91-7378-4D81-8D01-6B6DEDE7F370}
	EndGlobalSection
EndGlobal
