
Microsoft Visual Studio Solution File, Format Version 12.00
# Visual Studio Version 16
VisualStudioVersion = 16.0.31729.503
MinimumVisualStudioVersion = 10.0.40219.1
Project("{FAE04EC0-301F-11D3-BF4B-00C04F79EFBC}") = "TwentyOneGame", "TwentyOneGame\TwentyOneGame.csproj", "{30AF09AB-2E58-4CA5-B66F-67AE071A5ABE}"
EndProject
Project("{FAE04EC0-301F-11D3-BF4B-00C04F79EFBC}") = "Casino", "Casino\Casino.csproj", "{954A795B-894F-4A56-A453-5E11271B7516}"
EndProject
Global
	GlobalSection(SolutionConfigurationPlatforms) = preSolution
		Debug|Any CPU = Debug|Any CPU
		Release|Any CPU = Release|Any CPU
	EndGlobalSection
	GlobalSection(ProjectConfigurationPlatforms) = postSolution
		{30AF09AB-2E58-4CA5-B66F-67AE071A5ABE}.Debug|Any CPU.ActiveCfg = Debug|Any CPU
		{30AF09AB-2E58-4CA5-B66F-67AE071A5ABE}.Debug|Any CPU.Build.0 = Debug|Any CPU
		{30AF09AB-2E58-4CA5-B66F-67AE071A5ABE}.Release|Any CPU.ActiveCfg = Release|Any CPU
		{30AF09AB-2E58-4CA5-B66F-67AE071A5ABE}.Release|Any CPU.Build.0 = Release|Any CPU
		{954A795B-894F-4A56-A453-5E11271B7516}.Debug|Any CPU.ActiveCfg = Debug|Any CPU
		{954A795B-894F-4A56-A453-5E11271B7516}.Debug|Any CPU.Build.0 = Debug|Any CPU
		{954A795B-894F-4A56-A453-5E11271B7516}.Release|Any CPU.ActiveCfg = Release|Any CPU
		{954A795B-894F-4A56-A453-5E11271B7516}.Release|Any CPU.Build.0 = Release|Any CPU
	EndGlobalSection
	GlobalSection(SolutionProperties) = preSolution
		HideSolutionNode = FALSE
	EndGlobalSection
	GlobalSection(ExtensibilityGlobals) = postSolution
		SolutionGuid = {4106AFCE-3206-498E-8023-73CABF6B333D}
	EndGlobalSection
EndGlobal
