
Microsoft Visual Studio Solution File, Format Version 12.00
# Visual Studio Version 16
VisualStudioVersion = 16.0.31729.503
MinimumVisualStudioVersion = 10.0.40219.1
Project("{FAE04EC0-301F-11D3-BF4B-00C04F79EFBC}") = "myConsoleProjects.cs", "myConsoleProjects.cs.\myConsoleProjects.cs.csproj", "{A23B1BC4-40A5-43AD-A868-D5D41EE07355}"
EndProject
Global
	GlobalSection(SolutionConfigurationPlatforms) = preSolution
		Debug|Any CPU = Debug|Any CPU
		Release|Any CPU = Release|Any CPU
	EndGlobalSection
	GlobalSection(ProjectConfigurationPlatforms) = postSolution
		{A23B1BC4-40A5-43AD-A868-D5D41EE07355}.Debug|Any CPU.ActiveCfg = Debug|Any CPU
		{A23B1BC4-40A5-43AD-A868-D5D41EE07355}.Debug|Any CPU.Build.0 = Debug|Any CPU
		{A23B1BC4-40A5-43AD-A868-D5D41EE07355}.Release|Any CPU.ActiveCfg = Release|Any CPU
		{A23B1BC4-40A5-43AD-A868-D5D41EE07355}.Release|Any CPU.Build.0 = Release|Any CPU
	EndGlobalSection
	GlobalSection(SolutionProperties) = preSolution
		HideSolutionNode = FALSE
	EndGlobalSection
	GlobalSection(ExtensibilityGlobals) = postSolution
		SolutionGuid = {F5A80ECF-6D68-4027-B9C0-B29CF7C8C700}
	EndGlobalSection
EndGlobal
