
Microsoft Visual Studio Solution File, Format Version 12.00
# Visual Studio Version 16
VisualStudioVersion = 16.0.31729.503
MinimumVisualStudioVersion = 10.0.40219.1
Project("{FAE04EC0-301F-11D3-BF4B-00C04F79EFBC}") = "BooleanAssignment", "BooleanAssignment\BooleanAssignment.csproj", "{7157C37C-EB73-4091-BB48-2F6F2C782BB7}"
EndProject
Global
	GlobalSection(SolutionConfigurationPlatforms) = preSolution
		Debug|Any CPU = Debug|Any CPU
		Release|Any CPU = Release|Any CPU
	EndGlobalSection
	GlobalSection(ProjectConfigurationPlatforms) = postSolution
		{7157C37C-EB73-4091-BB48-2F6F2C782BB7}.Debug|Any CPU.ActiveCfg = Debug|Any CPU
		{7157C37C-EB73-4091-BB48-2F6F2C782BB7}.Debug|Any CPU.Build.0 = Debug|Any CPU
		{7157C37C-EB73-4091-BB48-2F6F2C782BB7}.Release|Any CPU.ActiveCfg = Release|Any CPU
		{7157C37C-EB73-4091-BB48-2F6F2C782BB7}.Release|Any CPU.Build.0 = Release|Any CPU
	EndGlobalSection
	GlobalSection(SolutionProperties) = preSolution
		HideSolutionNode = FALSE
	EndGlobalSection
	GlobalSection(ExtensibilityGlobals) = postSolution
		SolutionGuid = {DC890686-4E27-427B-92C9-0222CA829AFD}
	EndGlobalSection
EndGlobal
